<?xml version="1.0" encoding="utf-8"?>
<Project ToolsVersion="4.0" xmlns="http://schemas.microsoft.com/developer/msbuild/2003">
  <ItemGroup>
    <Filter Include="Source Files">
      <UniqueIdentifier>{c4c43d1e-47de-4338-81ab-ea5146d0a13f}</UniqueIdentifier>
    </Filter>
    <Filter Include="Generated Files">
      <UniqueIdentifier>{10d3d7ec-94a5-42e7-83cc-c0b2d4e9de66}</UniqueIdentifier>
      <SourceControlFiles>False</SourceControlFiles>
    </Filter>
  </ItemGroup>
  <ItemGroup>
    <None Include="ConsoleServerps.def" />
  </ItemGroup>
  <ItemGroup>
    <ClCompile Include="ConsoleServer_i.c">
      <Filter>Generated Files</Filter>
    </ClCompile>
    <ClCompile Include="ConsoleServer_p.c">
      <Filter>Generated Files</Filter>
    </ClCompile>
    <ClCompile Include="dlldata.c">
      <Filter>Generated Files</Filter>
    </ClCompile>
  </ItemGroup>
</Project>